
Microsoft Visual Studio Solution File, Format Version 12.00
# Visual Studio Version 16
VisualStudioVersion = 16.0.30309.148
MinimumVisualStudioVersion = 10.0.40219.1
Project("{FAE04EC0-301F-11D3-BF4B-00C04F79EFBC}") = "EfsPotato", "EfsPotato.csproj", "{5243AB4D-12E2-4059-A529-2B007EC26320}"
EndProject
Global
	GlobalSection(SolutionConfigurationPlatforms) = preSolution
		Debug|Any CPU = Debug|Any CPU
		Release|Any CPU = Release|Any CPU
	EndGlobalSection
	GlobalSection(ProjectConfigurationPlatforms) = postSolution
		{5243AB4D-12E2-4059-A529-2B007EC26320}.Debug|Any CPU.ActiveCfg = Debug|Any CPU
		{5243AB4D-12E2-4059-A529-2B007EC26320}.Debug|Any CPU.Build.0 = Debug|Any CPU
		{5243AB4D-12E2-4059-A529-2B007EC26320}.Release|Any CPU.ActiveCfg = Release|Any CPU
		{5243AB4D-12E2-4059-A529-2B007EC26320}.Release|Any CPU.Build.0 = Release|Any CPU
	EndGlobalSection
	GlobalSection(SolutionProperties) = preSolution
		HideSolutionNode = FALSE
	EndGlobalSection
	GlobalSection(ExtensibilityGlobals) = postSolution
		SolutionGuid = {729EA5CF-BE7D-41A9-8DEB-17FE3A7FBB6F}
	EndGlobalSection
EndGlobal
